
Microsoft Visual Studio Solution File, Format Version 12.00
# Visual Studio Version 17
VisualStudioVersion = 17.0.31611.283
MinimumVisualStudioVersion = 10.0.40219.1
Project("{9A19103F-16F7-4668-BE54-9A1E7A4F7556}") = "Companion.Emulator", "Companion.Emulator\Companion.Emulator.csproj", "{05D513BC-3742-4AB1-A1A9-B8419A931DC3}"
EndProject
Project("{FAE04EC0-301F-11D3-BF4B-00C04F79EFBC}") = "Companion.Ui", "Companion.Ui\Companion.Ui.csproj", "{1D0D3DDD-5264-452F-9BDA-D774849E76A1}"
EndProject
Project("{FAE04EC0-301F-11D3-BF4B-00C04F79EFBC}") = "Companion.OutlookConnector", "Companion.OutlookConnector\Companion.OutlookConnector.csproj", "{B6C87DEA-C524-440D-8DB7-E8847DC20260}"
EndProject
Project("{FAE04EC0-301F-11D3-BF4B-00C04F79EFBC}") = "Companion.Sender.Abstractions", "Companion.Sender.Abstractions\Companion.Sender.Abstractions.csproj", "{DBC59395-592D-49D8-843A-6D633E386E13}"
EndProject
Project("{FAE04EC0-301F-11D3-BF4B-00C04F79EFBC}") = "Companion.Sender.Pipe", "Companion.Sender.Pipe\Companion.Sender.Pipe.csproj", "{F4B6601E-A5FE-45A4-BBB2-BFB149E9DF9C}"
EndProject
Project("{FAE04EC0-301F-11D3-BF4B-00C04F79EFBC}") = "Companion.Sender.Composite", "Companion.Sender.Composite\Companion.Sender.Composite.csproj", "{E05A12F4-A0CE-4A3D-BA11-EBCCF6AC64FB}"
EndProject
Global
	GlobalSection(SolutionConfigurationPlatforms) = preSolution
		Debug|Any CPU = Debug|Any CPU
		Release|Any CPU = Release|Any CPU
	EndGlobalSection
	GlobalSection(ProjectConfigurationPlatforms) = postSolution
		{05D513BC-3742-4AB1-A1A9-B8419A931DC3}.Debug|Any CPU.ActiveCfg = Debug|Any CPU
		{05D513BC-3742-4AB1-A1A9-B8419A931DC3}.Debug|Any CPU.Build.0 = Debug|Any CPU
		{05D513BC-3742-4AB1-A1A9-B8419A931DC3}.Release|Any CPU.ActiveCfg = Release|Any CPU
		{05D513BC-3742-4AB1-A1A9-B8419A931DC3}.Release|Any CPU.Build.0 = Release|Any CPU
		{1D0D3DDD-5264-452F-9BDA-D774849E76A1}.Debug|Any CPU.ActiveCfg = Debug|Any CPU
		{1D0D3DDD-5264-452F-9BDA-D774849E76A1}.Debug|Any CPU.Build.0 = Debug|Any CPU
		{1D0D3DDD-5264-452F-9BDA-D774849E76A1}.Release|Any CPU.ActiveCfg = Release|Any CPU
		{1D0D3DDD-5264-452F-9BDA-D774849E76A1}.Release|Any CPU.Build.0 = Release|Any CPU
		{B6C87DEA-C524-440D-8DB7-E8847DC20260}.Debug|Any CPU.ActiveCfg = Debug|Any CPU
		{B6C87DEA-C524-440D-8DB7-E8847DC20260}.Debug|Any CPU.Build.0 = Debug|Any CPU
		{B6C87DEA-C524-440D-8DB7-E8847DC20260}.Release|Any CPU.ActiveCfg = Release|Any CPU
		{B6C87DEA-C524-440D-8DB7-E8847DC20260}.Release|Any CPU.Build.0 = Release|Any CPU
		{DBC59395-592D-49D8-843A-6D633E386E13}.Debug|Any CPU.ActiveCfg = Debug|Any CPU
		{DBC59395-592D-49D8-843A-6D633E386E13}.Debug|Any CPU.Build.0 = Debug|Any CPU
		{DBC59395-592D-49D8-843A-6D633E386E13}.Release|Any CPU.ActiveCfg = Release|Any CPU
		{DBC59395-592D-49D8-843A-6D633E386E13}.Release|Any CPU.Build.0 = Release|Any CPU
		{F4B6601E-A5FE-45A4-BBB2-BFB149E9DF9C}.Debug|Any CPU.ActiveCfg = Debug|Any CPU
		{F4B6601E-A5FE-45A4-BBB2-BFB149E9DF9C}.Debug|Any CPU.Build.0 = Debug|Any CPU
		{F4B6601E-A5FE-45A4-BBB2-BFB149E9DF9C}.Release|Any CPU.ActiveCfg = Release|Any CPU
		{F4B6601E-A5FE-45A4-BBB2-BFB149E9DF9C}.Release|Any CPU.Build.0 = Release|Any CPU
		{E05A12F4-A0CE-4A3D-BA11-EBCCF6AC64FB}.Debug|Any CPU.ActiveCfg = Debug|Any CPU
		{E05A12F4-A0CE-4A3D-BA11-EBCCF6AC64FB}.Debug|Any CPU.Build.0 = Debug|Any CPU
		{E05A12F4-A0CE-4A3D-BA11-EBCCF6AC64FB}.Release|Any CPU.ActiveCfg = Release|Any CPU
		{E05A12F4-A0CE-4A3D-BA11-EBCCF6AC64FB}.Release|Any CPU.Build.0 = Release|Any CPU
	EndGlobalSection
	GlobalSection(SolutionProperties) = preSolution
		HideSolutionNode = FALSE
	EndGlobalSection
	GlobalSection(ExtensibilityGlobals) = postSolution
		SolutionGuid = {61F7FB11-1E47-470C-91E2-47F8143E1572}
	EndGlobalSection
EndGlobal
